
Microsoft Visual Studio Solution File, Format Version 12.00
# Visual Studio Version 17
VisualStudioVersion = 17.7.34031.279
MinimumVisualStudioVersion = 10.0.40219.1
Project("{8BC9CEB8-8B4A-11D0-8D11-00A0C91BC942}") = "lab 4.3", "lab 4.3\lab 4.3.vcxproj", "{24B933D2-EF09-4603-9941-DA6FCD8384C0}"
EndProject
Global
	GlobalSection(SolutionConfigurationPlatforms) = preSolution
		Debug|x64 = Debug|x64
		Debug|x86 = Debug|x86
		Release|x64 = Release|x64
		Release|x86 = Release|x86
	EndGlobalSection
	GlobalSection(ProjectConfigurationPlatforms) = postSolution
		{24B933D2-EF09-4603-9941-DA6FCD8384C0}.Debug|x64.ActiveCfg = Debug|x64
		{24B933D2-EF09-4603-9941-DA6FCD8384C0}.Debug|x64.Build.0 = Debug|x64
		{24B933D2-EF09-4603-9941-DA6FCD8384C0}.Debug|x86.ActiveCfg = Debug|Win32
		{24B933D2-EF09-4603-9941-DA6FCD8384C0}.Debug|x86.Build.0 = Debug|Win32
		{24B933D2-EF09-4603-9941-DA6FCD8384C0}.Release|x64.ActiveCfg = Release|x64
		{24B933D2-EF09-4603-9941-DA6FCD8384C0}.Release|x64.Build.0 = Release|x64
		{24B933D2-EF09-4603-9941-DA6FCD8384C0}.Release|x86.ActiveCfg = Release|Win32
		{24B933D2-EF09-4603-9941-DA6FCD8384C0}.Release|x86.Build.0 = Release|Win32
	EndGlobalSection
	GlobalSection(SolutionProperties) = preSolution
		HideSolutionNode = FALSE
	EndGlobalSection
	GlobalSection(ExtensibilityGlobals) = postSolution
		SolutionGuid = {67BA366B-557B-4C6F-BCB0-164F86E50E09}
	EndGlobalSection
EndGlobal
